
Microsoft Visual Studio Solution File, Format Version 12.00
# Visual Studio Version 17
VisualStudioVersion = 17.13.35825.156 d17.13
MinimumVisualStudioVersion = 10.0.40219.1
Project("{FAE04EC0-301F-11D3-BF4B-00C04F79EFBC}") = "Pb1", "Pb1\Pb1.csproj", "{D882659D-B1D6-4F8F-A23F-E25A8C3AB6D6}"
EndProject
Project("{FAE04EC0-301F-11D3-BF4B-00C04F79EFBC}") = "Pb2", "Pb2\Pb2.csproj", "{C2080BBA-000D-4636-ABD0-95049507772A}"
EndProject
Global
	GlobalSection(SolutionConfigurationPlatforms) = preSolution
		Debug|Any CPU = Debug|Any CPU
		Release|Any CPU = Release|Any CPU
	EndGlobalSection
	GlobalSection(ProjectConfigurationPlatforms) = postSolution
		{D882659D-B1D6-4F8F-A23F-E25A8C3AB6D6}.Debug|Any CPU.ActiveCfg = Debug|Any CPU
		{D882659D-B1D6-4F8F-A23F-E25A8C3AB6D6}.Debug|Any CPU.Build.0 = Debug|Any CPU
		{D882659D-B1D6-4F8F-A23F-E25A8C3AB6D6}.Release|Any CPU.ActiveCfg = Release|Any CPU
		{D882659D-B1D6-4F8F-A23F-E25A8C3AB6D6}.Release|Any CPU.Build.0 = Release|Any CPU
		{C2080BBA-000D-4636-ABD0-95049507772A}.Debug|Any CPU.ActiveCfg = Debug|Any CPU
		{C2080BBA-000D-4636-ABD0-95049507772A}.Debug|Any CPU.Build.0 = Debug|Any CPU
		{C2080BBA-000D-4636-ABD0-95049507772A}.Release|Any CPU.ActiveCfg = Release|Any CPU
		{C2080BBA-000D-4636-ABD0-95049507772A}.Release|Any CPU.Build.0 = Release|Any CPU
	EndGlobalSection
	GlobalSection(SolutionProperties) = preSolution
		HideSolutionNode = FALSE
	EndGlobalSection
	GlobalSection(ExtensibilityGlobals) = postSolution
		SolutionGuid = {684218D4-74E5-4320-B995-2C4324F298A5}
	EndGlobalSection
EndGlobal
