
Microsoft Visual Studio Solution File, Format Version 12.00
Project("{FAE04EC0-301F-11D3-BF4B-00C04F79EFBC}") = "32", "32\32.csproj", "{54B77A7A-7C87-4EE0-B604-83DA289F926E}"
EndProject
Project("{FAE04EC0-301F-11D3-BF4B-00C04F79EFBC}") = "33", "33\33.csproj", "{5B4BDFF8-E86E-4862-BA73-7EF2F7EB8C1C}"
EndProject
Project("{FAE04EC0-301F-11D3-BF4B-00C04F79EFBC}") = "34", "34\34.csproj", "{1149FEC4-9141-4D42-8231-650BB4957143}"
EndProject
Project("{FAE04EC0-301F-11D3-BF4B-00C04F79EFBC}") = "35", "35\35.csproj", "{3A17F54F-9FD7-422B-B643-F12FC138F6E5}"
EndProject
Project("{FAE04EC0-301F-11D3-BF4B-00C04F79EFBC}") = "36", "36\36.csproj", "{EF098467-9320-4446-9978-4A115105CB3F}"
EndProject
Project("{FAE04EC0-301F-11D3-BF4B-00C04F79EFBC}") = "37", "37\37.csproj", "{0D73206D-2907-438C-8C97-15DAC678D12D}"
EndProject
Project("{FAE04EC0-301F-11D3-BF4B-00C04F79EFBC}") = "39", "39\39.csproj", "{D4B0A48D-90A5-4DA4-B698-1EFBE141D385}"
EndProject
Project("{FAE04EC0-301F-11D3-BF4B-00C04F79EFBC}") = "40", "40\40.csproj", "{DAA26E9A-D12C-4111-A167-1D65A23F7777}"
EndProject
Global
	GlobalSection(SolutionConfigurationPlatforms) = preSolution
		Debug|Any CPU = Debug|Any CPU
		Release|Any CPU = Release|Any CPU
	EndGlobalSection
	GlobalSection(ProjectConfigurationPlatforms) = postSolution
		{54B77A7A-7C87-4EE0-B604-83DA289F926E}.Debug|Any CPU.ActiveCfg = Debug|Any CPU
		{54B77A7A-7C87-4EE0-B604-83DA289F926E}.Debug|Any CPU.Build.0 = Debug|Any CPU
		{54B77A7A-7C87-4EE0-B604-83DA289F926E}.Release|Any CPU.ActiveCfg = Release|Any CPU
		{54B77A7A-7C87-4EE0-B604-83DA289F926E}.Release|Any CPU.Build.0 = Release|Any CPU
		{5B4BDFF8-E86E-4862-BA73-7EF2F7EB8C1C}.Debug|Any CPU.ActiveCfg = Debug|Any CPU
		{5B4BDFF8-E86E-4862-BA73-7EF2F7EB8C1C}.Debug|Any CPU.Build.0 = Debug|Any CPU
		{5B4BDFF8-E86E-4862-BA73-7EF2F7EB8C1C}.Release|Any CPU.ActiveCfg = Release|Any CPU
		{5B4BDFF8-E86E-4862-BA73-7EF2F7EB8C1C}.Release|Any CPU.Build.0 = Release|Any CPU
		{1149FEC4-9141-4D42-8231-650BB4957143}.Debug|Any CPU.ActiveCfg = Debug|Any CPU
		{1149FEC4-9141-4D42-8231-650BB4957143}.Debug|Any CPU.Build.0 = Debug|Any CPU
		{1149FEC4-9141-4D42-8231-650BB4957143}.Release|Any CPU.ActiveCfg = Release|Any CPU
		{1149FEC4-9141-4D42-8231-650BB4957143}.Release|Any CPU.Build.0 = Release|Any CPU
		{3A17F54F-9FD7-422B-B643-F12FC138F6E5}.Debug|Any CPU.ActiveCfg = Debug|Any CPU
		{3A17F54F-9FD7-422B-B643-F12FC138F6E5}.Debug|Any CPU.Build.0 = Debug|Any CPU
		{3A17F54F-9FD7-422B-B643-F12FC138F6E5}.Release|Any CPU.ActiveCfg = Release|Any CPU
		{3A17F54F-9FD7-422B-B643-F12FC138F6E5}.Release|Any CPU.Build.0 = Release|Any CPU
		{EF098467-9320-4446-9978-4A115105CB3F}.Debug|Any CPU.ActiveCfg = Debug|Any CPU
		{EF098467-9320-4446-9978-4A115105CB3F}.Debug|Any CPU.Build.0 = Debug|Any CPU
		{EF098467-9320-4446-9978-4A115105CB3F}.Release|Any CPU.ActiveCfg = Release|Any CPU
		{EF098467-9320-4446-9978-4A115105CB3F}.Release|Any CPU.Build.0 = Release|Any CPU
		{0D73206D-2907-438C-8C97-15DAC678D12D}.Debug|Any CPU.ActiveCfg = Debug|Any CPU
		{0D73206D-2907-438C-8C97-15DAC678D12D}.Debug|Any CPU.Build.0 = Debug|Any CPU
		{0D73206D-2907-438C-8C97-15DAC678D12D}.Release|Any CPU.ActiveCfg = Release|Any CPU
		{0D73206D-2907-438C-8C97-15DAC678D12D}.Release|Any CPU.Build.0 = Release|Any CPU
		{D4B0A48D-90A5-4DA4-B698-1EFBE141D385}.Debug|Any CPU.ActiveCfg = Debug|Any CPU
		{D4B0A48D-90A5-4DA4-B698-1EFBE141D385}.Debug|Any CPU.Build.0 = Debug|Any CPU
		{D4B0A48D-90A5-4DA4-B698-1EFBE141D385}.Release|Any CPU.ActiveCfg = Release|Any CPU
		{D4B0A48D-90A5-4DA4-B698-1EFBE141D385}.Release|Any CPU.Build.0 = Release|Any CPU
		{DAA26E9A-D12C-4111-A167-1D65A23F7777}.Debug|Any CPU.ActiveCfg = Debug|Any CPU
		{DAA26E9A-D12C-4111-A167-1D65A23F7777}.Debug|Any CPU.Build.0 = Debug|Any CPU
		{DAA26E9A-D12C-4111-A167-1D65A23F7777}.Release|Any CPU.ActiveCfg = Release|Any CPU
		{DAA26E9A-D12C-4111-A167-1D65A23F7777}.Release|Any CPU.Build.0 = Release|Any CPU
	EndGlobalSection
EndGlobal
