
Microsoft Visual Studio Solution File, Format Version 12.00
# Visual Studio Version 17
VisualStudioVersion = 17.13.35818.85 d17.13
MinimumVisualStudioVersion = 10.0.40219.1
Project("{FAE04EC0-301F-11D3-BF4B-00C04F79EFBC}") = "P7", "P7.csproj", "{BE94C920-D339-4A57-B5F5-D1489982AE0E}"
EndProject
Global
	GlobalSection(SolutionConfigurationPlatforms) = preSolution
		Debug|Any CPU = Debug|Any CPU
		Release|Any CPU = Release|Any CPU
	EndGlobalSection
	GlobalSection(ProjectConfigurationPlatforms) = postSolution
		{BE94C920-D339-4A57-B5F5-D1489982AE0E}.Debug|Any CPU.ActiveCfg = Debug|Any CPU
		{BE94C920-D339-4A57-B5F5-D1489982AE0E}.Debug|Any CPU.Build.0 = Debug|Any CPU
		{BE94C920-D339-4A57-B5F5-D1489982AE0E}.Release|Any CPU.ActiveCfg = Release|Any CPU
		{BE94C920-D339-4A57-B5F5-D1489982AE0E}.Release|Any CPU.Build.0 = Release|Any CPU
	EndGlobalSection
	GlobalSection(SolutionProperties) = preSolution
		HideSolutionNode = FALSE
	EndGlobalSection
	GlobalSection(ExtensibilityGlobals) = postSolution
		SolutionGuid = {B147BA55-0641-42D6-B9DD-8A3CFD4551C6}
	EndGlobalSection
EndGlobal
