
Microsoft Visual Studio Solution File, Format Version 12.00
Project("{FAE04EC0-301F-11D3-BF4B-00C04F79EFBC}") = "24", "24\24.csproj", "{236DCD89-9DBC-44FC-BD0C-A533E5ED6226}"
EndProject
Project("{FAE04EC0-301F-11D3-BF4B-00C04F79EFBC}") = "25", "25\25.csproj", "{1A19BEF2-77C0-4C75-947B-1E630528E747}"
EndProject
Project("{FAE04EC0-301F-11D3-BF4B-00C04F79EFBC}") = "26", "26\26.csproj", "{5A31A3F5-E341-47DC-8AA3-3891D6B8ECE6}"
EndProject
Project("{FAE04EC0-301F-11D3-BF4B-00C04F79EFBC}") = "27", "27\27.csproj", "{97A2F8F9-8FE2-40D8-B936-DCC2BC22CDDC}"
EndProject
Project("{FAE04EC0-301F-11D3-BF4B-00C04F79EFBC}") = "28", "28\28.csproj", "{9512A419-E1FA-483F-86EB-B614ED6EEC34}"
EndProject
Project("{FAE04EC0-301F-11D3-BF4B-00C04F79EFBC}") = "29", "29\29.csproj", "{04656EBE-DC9A-44C8-A4C7-23CB998BFF5C}"
EndProject
Project("{FAE04EC0-301F-11D3-BF4B-00C04F79EFBC}") = "30", "30\30.csproj", "{56223A81-6902-4051-8125-E63FFB83F272}"
EndProject
Project("{FAE04EC0-301F-11D3-BF4B-00C04F79EFBC}") = "31", "31\31.csproj", "{AA1DC674-4885-4373-B013-3644A82F5494}"
EndProject
Global
	GlobalSection(SolutionConfigurationPlatforms) = preSolution
		Debug|Any CPU = Debug|Any CPU
		Release|Any CPU = Release|Any CPU
	EndGlobalSection
	GlobalSection(ProjectConfigurationPlatforms) = postSolution
		{236DCD89-9DBC-44FC-BD0C-A533E5ED6226}.Debug|Any CPU.ActiveCfg = Debug|Any CPU
		{236DCD89-9DBC-44FC-BD0C-A533E5ED6226}.Debug|Any CPU.Build.0 = Debug|Any CPU
		{236DCD89-9DBC-44FC-BD0C-A533E5ED6226}.Release|Any CPU.ActiveCfg = Release|Any CPU
		{236DCD89-9DBC-44FC-BD0C-A533E5ED6226}.Release|Any CPU.Build.0 = Release|Any CPU
		{1A19BEF2-77C0-4C75-947B-1E630528E747}.Debug|Any CPU.ActiveCfg = Debug|Any CPU
		{1A19BEF2-77C0-4C75-947B-1E630528E747}.Debug|Any CPU.Build.0 = Debug|Any CPU
		{1A19BEF2-77C0-4C75-947B-1E630528E747}.Release|Any CPU.ActiveCfg = Release|Any CPU
		{1A19BEF2-77C0-4C75-947B-1E630528E747}.Release|Any CPU.Build.0 = Release|Any CPU
		{5A31A3F5-E341-47DC-8AA3-3891D6B8ECE6}.Debug|Any CPU.ActiveCfg = Debug|Any CPU
		{5A31A3F5-E341-47DC-8AA3-3891D6B8ECE6}.Debug|Any CPU.Build.0 = Debug|Any CPU
		{5A31A3F5-E341-47DC-8AA3-3891D6B8ECE6}.Release|Any CPU.ActiveCfg = Release|Any CPU
		{5A31A3F5-E341-47DC-8AA3-3891D6B8ECE6}.Release|Any CPU.Build.0 = Release|Any CPU
		{97A2F8F9-8FE2-40D8-B936-DCC2BC22CDDC}.Debug|Any CPU.ActiveCfg = Debug|Any CPU
		{97A2F8F9-8FE2-40D8-B936-DCC2BC22CDDC}.Debug|Any CPU.Build.0 = Debug|Any CPU
		{97A2F8F9-8FE2-40D8-B936-DCC2BC22CDDC}.Release|Any CPU.ActiveCfg = Release|Any CPU
		{97A2F8F9-8FE2-40D8-B936-DCC2BC22CDDC}.Release|Any CPU.Build.0 = Release|Any CPU
		{9512A419-E1FA-483F-86EB-B614ED6EEC34}.Debug|Any CPU.ActiveCfg = Debug|Any CPU
		{9512A419-E1FA-483F-86EB-B614ED6EEC34}.Debug|Any CPU.Build.0 = Debug|Any CPU
		{9512A419-E1FA-483F-86EB-B614ED6EEC34}.Release|Any CPU.ActiveCfg = Release|Any CPU
		{9512A419-E1FA-483F-86EB-B614ED6EEC34}.Release|Any CPU.Build.0 = Release|Any CPU
		{04656EBE-DC9A-44C8-A4C7-23CB998BFF5C}.Debug|Any CPU.ActiveCfg = Debug|Any CPU
		{04656EBE-DC9A-44C8-A4C7-23CB998BFF5C}.Debug|Any CPU.Build.0 = Debug|Any CPU
		{04656EBE-DC9A-44C8-A4C7-23CB998BFF5C}.Release|Any CPU.ActiveCfg = Release|Any CPU
		{04656EBE-DC9A-44C8-A4C7-23CB998BFF5C}.Release|Any CPU.Build.0 = Release|Any CPU
		{56223A81-6902-4051-8125-E63FFB83F272}.Debug|Any CPU.ActiveCfg = Debug|Any CPU
		{56223A81-6902-4051-8125-E63FFB83F272}.Debug|Any CPU.Build.0 = Debug|Any CPU
		{56223A81-6902-4051-8125-E63FFB83F272}.Release|Any CPU.ActiveCfg = Release|Any CPU
		{56223A81-6902-4051-8125-E63FFB83F272}.Release|Any CPU.Build.0 = Release|Any CPU
		{AA1DC674-4885-4373-B013-3644A82F5494}.Debug|Any CPU.ActiveCfg = Debug|Any CPU
		{AA1DC674-4885-4373-B013-3644A82F5494}.Debug|Any CPU.Build.0 = Debug|Any CPU
		{AA1DC674-4885-4373-B013-3644A82F5494}.Release|Any CPU.ActiveCfg = Release|Any CPU
		{AA1DC674-4885-4373-B013-3644A82F5494}.Release|Any CPU.Build.0 = Release|Any CPU
	EndGlobalSection
EndGlobal
