
Microsoft Visual Studio Solution File, Format Version 12.00
# Visual Studio Version 17
VisualStudioVersion = 17.13.35825.156 d17.13
MinimumVisualStudioVersion = 10.0.40219.1
Project("{FAE04EC0-301F-11D3-BF4B-00C04F79EFBC}") = "P5", "P5.csproj", "{6EB7D999-041E-49C8-A6C8-C3A5D614FD0D}"
EndProject
Global
	GlobalSection(SolutionConfigurationPlatforms) = preSolution
		Debug|Any CPU = Debug|Any CPU
		Release|Any CPU = Release|Any CPU
	EndGlobalSection
	GlobalSection(ProjectConfigurationPlatforms) = postSolution
		{6EB7D999-041E-49C8-A6C8-C3A5D614FD0D}.Debug|Any CPU.ActiveCfg = Debug|Any CPU
		{6EB7D999-041E-49C8-A6C8-C3A5D614FD0D}.Debug|Any CPU.Build.0 = Debug|Any CPU
		{6EB7D999-041E-49C8-A6C8-C3A5D614FD0D}.Release|Any CPU.ActiveCfg = Release|Any CPU
		{6EB7D999-041E-49C8-A6C8-C3A5D614FD0D}.Release|Any CPU.Build.0 = Release|Any CPU
	EndGlobalSection
	GlobalSection(SolutionProperties) = preSolution
		HideSolutionNode = FALSE
	EndGlobalSection
	GlobalSection(ExtensibilityGlobals) = postSolution
		SolutionGuid = {C9066E4F-165C-4F6B-8675-9F155FC42083}
	EndGlobalSection
EndGlobal
